// !$*UTF8*$!
{
	archiveVersion = 1;
	classes = {
	};
	objectVersion = 51;
	objects = {

/* Begin PBXBuildFile section */
		1813243326DA00EF00026EAC /* AppDelegate.swift in Sources */ = {isa = PBXBuildFile; fileRef = 1813243226DA00EF00026EAC /* AppDelegate.swift */; };
		1813243526DA00EF00026EAC /* SceneDelegate.swift in Sources */ = {isa = PBXBuildFile; fileRef = 1813243426DA00EF00026EAC /* SceneDelegate.swift */; };
		1813243726DA00EF00026EAC /* ViewController.swift in Sources */ = {isa = PBXBuildFile; fileRef = 1813243626DA00EF00026EAC /* ViewController.swift */; };
		1813243C26DA00F000026EAC /* Assets.xcassets in Resources */ = {isa = PBXBuildFile; fileRef = 1813243B26DA00F000026EAC /* Assets.xcassets */; };
		1813243F26DA00F000026EAC /* LaunchScreen.storyboard in Resources */ = {isa = PBXBuildFile; fileRef = 1813243D26DA00F000026EAC /* LaunchScreen.storyboard */; };
		1813244A26DA00F000026EAC /* FlickerDemoTests.swift in Sources */ = {isa = PBXBuildFile; fileRef = 1813244926DA00F000026EAC /* FlickerDemoTests.swift */; };
		1813245526DA00F100026EAC /* FlickerDemoUITests.swift in Sources */ = {isa = PBXBuildFile; fileRef = 1813245426DA00F100026EAC /* FlickerDemoUITests.swift */; };
		1813246726DA015500026EAC /* FlickrSearchCollectionViewController.swift in Sources */ = {isa = PBXBuildFile; fileRef = 1813246326DA015500026EAC /* FlickrSearchCollectionViewController.swift */; };
		1813246826DA015500026EAC /* PhotoCollectionViewCell.swift in Sources */ = {isa = PBXBuildFile; fileRef = 1813246426DA015500026EAC /* PhotoCollectionViewCell.swift */; };
		1813246926DA015500026EAC /* SearchData.swift in Sources */ = {isa = PBXBuildFile; fileRef = 1813246526DA015500026EAC /* SearchData.swift */; };
		1813246B26DA01C600026EAC /* Main.storyboard in Resources */ = {isa = PBXBuildFile; fileRef = 1813246A26DA01C600026EAC /* Main.storyboard */; };
		18A6484D26DD1448009BBECC /* FavoriteCollectionViewController.swift in Sources */ = {isa = PBXBuildFile; fileRef = 18A6484C26DD1448009BBECC /* FavoriteCollectionViewController.swift */; };
		18A6484F26DD1809009BBECC /* MainTabbarViewController.swift in Sources */ = {isa = PBXBuildFile; fileRef = 18A6484E26DD1809009BBECC /* MainTabbarViewController.swift */; };
		18A6486C26DE867F009BBECC /* Favorite.xcdatamodeld in Sources */ = {isa = PBXBuildFile; fileRef = 18A6486A26DE867F009BBECC /* Favorite.xcdatamodeld */; };
		CDBFA6FAF1C7D34A6B8BF40B /* Pods_FlickerDemo.framework in Frameworks */ = {isa = PBXBuildFile; fileRef = 103149F08FC3034849AD49B3 /* Pods_FlickerDemo.framework */; };
		E39C4FD708DDF4E43251BCE2 /* Pods_FlickerDemoTests.framework in Frameworks */ = {isa = PBXBuildFile; fileRef = 6120419EB1F73B79CC15157A /* Pods_FlickerDemoTests.framework */; };
		E553434D535804CE401B0A3A /* Pods_FlickerDemo_FlickerDemoUITests.framework in Frameworks */ = {isa = PBXBuildFile; fileRef = 086562CAE66944175EE62A84 /* Pods_FlickerDemo_FlickerDemoUITests.framework */; };
/* End PBXBuildFile section */

/* Begin PBXContainerItemProxy section */
		1813244626DA00F000026EAC /* PBXContainerItemProxy */ = {
			isa = PBXContainerItemProxy;
			containerPortal = 1813242726DA00EE00026EAC /* Project object */;
			proxyType = 1;
			remoteGlobalIDString = 1813242E26DA00EF00026EAC;
			remoteInfo = FlickerDemo;
		};
		1813245126DA00F100026EAC /* PBXContainerItemProxy */ = {
			isa = PBXContainerItemProxy;
			containerPortal = 1813242726DA00EE00026EAC /* Project object */;
			proxyType = 1;
			remoteGlobalIDString = 1813242E26DA00EF00026EAC;
			remoteInfo = FlickerDemo;
		};
/* End PBXContainerItemProxy section */

/* Begin PBXFileReference section */
		086562CAE66944175EE62A84 /* Pods_FlickerDemo_FlickerDemoUITests.framework */ = {isa = PBXFileReference; explicitFileType = wrapper.framework; includeInIndex = 0; path = Pods_FlickerDemo_FlickerDemoUITests.framework; sourceTree = BUILT_PRODUCTS_DIR; };
		103149F08FC3034849AD49B3 /* Pods_FlickerDemo.framework */ = {isa = PBXFileReference; explicitFileType = wrapper.framework; includeInIndex = 0; path = Pods_FlickerDemo.framework; sourceTree = BUILT_PRODUCTS_DIR; };
		1813242F26DA00EF00026EAC /* FlickerDemo.app */ = {isa = PBXFileReference; explicitFileType = wrapper.application; includeInIndex = 0; path = FlickerDemo.app; sourceTree = BUILT_PRODUCTS_DIR; };
		1813243226DA00EF00026EAC /* AppDelegate.swift */ = {isa = PBXFileReference; lastKnownFileType = sourcecode.swift; path = AppDelegate.swift; sourceTree = "<group>"; };
		1813243426DA00EF00026EAC /* SceneDelegate.swift */ = {isa = PBXFileReference; lastKnownFileType = sourcecode.swift; path = SceneDelegate.swift; sourceTree = "<group>"; };
		1813243626DA00EF00026EAC /* ViewController.swift */ = {isa = PBXFileReference; lastKnownFileType = sourcecode.swift; path = ViewController.swift; sourceTree = "<group>"; };
		1813243B26DA00F000026EAC /* Assets.xcassets */ = {isa = PBXFileReference; lastKnownFileType = folder.assetcatalog; path = Assets.xcassets; sourceTree = "<group>"; };
		1813243E26DA00F000026EAC /* Base */ = {isa = PBXFileReference; lastKnownFileType = file.storyboard; name = Base; path = Base.lproj/LaunchScreen.storyboard; sourceTree = "<group>"; };
		1813244026DA00F000026EAC /* Info.plist */ = {isa = PBXFileReference; lastKnownFileType = text.plist.xml; path = Info.plist; sourceTree = "<group>"; };
		1813244526DA00F000026EAC /* FlickerDemoTests.xctest */ = {isa = PBXFileReference; explicitFileType = wrapper.cfbundle; includeInIndex = 0; path = FlickerDemoTests.xctest; sourceTree = BUILT_PRODUCTS_DIR; };
		1813244926DA00F000026EAC /* FlickerDemoTests.swift */ = {isa = PBXFileReference; lastKnownFileType = sourcecode.swift; path = FlickerDemoTests.swift; sourceTree = "<group>"; };
		1813244B26DA00F000026EAC /* Info.plist */ = {isa = PBXFileReference; lastKnownFileType = text.plist.xml; path = Info.plist; sourceTree = "<group>"; };
		1813245026DA00F100026EAC /* FlickerDemoUITests.xctest */ = {isa = PBXFileReference; explicitFileType = wrapper.cfbundle; includeInIndex = 0; path = FlickerDemoUITests.xctest; sourceTree = BUILT_PRODUCTS_DIR; };
		1813245426DA00F100026EAC /* FlickerDemoUITests.swift */ = {isa = PBXFileReference; lastKnownFileType = sourcecode.swift; path = FlickerDemoUITests.swift; sourceTree = "<group>"; };
		1813245626DA00F100026EAC /* Info.plist */ = {isa = PBXFileReference; lastKnownFileType = text.plist.xml; path = Info.plist; sourceTree = "<group>"; };
		1813246326DA015500026EAC /* FlickrSearchCollectionViewController.swift */ = {isa = PBXFileReference; fileEncoding = 4; lastKnownFileType = sourcecode.swift; path = FlickrSearchCollectionViewController.swift; sourceTree = "<group>"; };
		1813246426DA015500026EAC /* PhotoCollectionViewCell.swift */ = {isa = PBXFileReference; fileEncoding = 4; lastKnownFileType = sourcecode.swift; path = PhotoCollectionViewCell.swift; sourceTree = "<group>"; };
		1813246526DA015500026EAC /* SearchData.swift */ = {isa = PBXFileReference; fileEncoding = 4; lastKnownFileType = sourcecode.swift; path = SearchData.swift; sourceTree = "<group>"; };
		1813246A26DA01C600026EAC /* Main.storyboard */ = {isa = PBXFileReference; fileEncoding = 4; lastKnownFileType = file.storyboard; path = Main.storyboard; sourceTree = "<group>"; };
		18A6484C26DD1448009BBECC /* FavoriteCollectionViewController.swift */ = {isa = PBXFileReference; lastKnownFileType = sourcecode.swift; path = FavoriteCollectionViewController.swift; sourceTree = "<group>"; };
		18A6484E26DD1809009BBECC /* MainTabbarViewController.swift */ = {isa = PBXFileReference; lastKnownFileType = sourcecode.swift; path = MainTabbarViewController.swift; sourceTree = "<group>"; };
		18A6486B26DE867F009BBECC /* Favorite.xcdatamodel */ = {isa = PBXFileReference; lastKnownFileType = wrapper.xcdatamodel; path = Favorite.xcdatamodel; sourceTree = "<group>"; };
		2F58B8DFBD700F276DDA001F /* Pods-FlickerDemo-FlickerDemoUITests.debug.xcconfig */ = {isa = PBXFileReference; includeInIndex = 1; lastKnownFileType = text.xcconfig; name = "Pods-FlickerDemo-FlickerDemoUITests.debug.xcconfig"; path = "Target Support Files/Pods-FlickerDemo-FlickerDemoUITests/Pods-FlickerDemo-FlickerDemoUITests.debug.xcconfig"; sourceTree = "<group>"; };
		6120419EB1F73B79CC15157A /* Pods_FlickerDemoTests.framework */ = {isa = PBXFileReference; explicitFileType = wrapper.framework; includeInIndex = 0; path = Pods_FlickerDemoTests.framework; sourceTree = BUILT_PRODUCTS_DIR; };
		9DB93F15440C1059A0688D48 /* Pods-FlickerDemo-FlickerDemoUITests.release.xcconfig */ = {isa = PBXFileReference; includeInIndex = 1; lastKnownFileType = text.xcconfig; name = "Pods-FlickerDemo-FlickerDemoUITests.release.xcconfig"; path = "Target Support Files/Pods-FlickerDemo-FlickerDemoUITests/Pods-FlickerDemo-FlickerDemoUITests.release.xcconfig"; sourceTree = "<group>"; };
		DB27C32D0D29E1F37F3A3B05 /* Pods-FlickerDemo.release.xcconfig */ = {isa = PBXFileReference; includeInIndex = 1; lastKnownFileType = text.xcconfig; name = "Pods-FlickerDemo.release.xcconfig"; path = "Target Support Files/Pods-FlickerDemo/Pods-FlickerDemo.release.xcconfig"; sourceTree = "<group>"; };
		E282398B6CDD856C1D9771A5 /* Pods-FlickerDemo.debug.xcconfig */ = {isa = PBXFileReference; includeInIndex = 1; lastKnownFileType = text.xcconfig; name = "Pods-FlickerDemo.debug.xcconfig"; path = "Target Support Files/Pods-FlickerDemo/Pods-FlickerDemo.debug.xcconfig"; sourceTree = "<group>"; };
		FCC014C6A7D0B1180CE76446 /* Pods-FlickerDemoTests.debug.xcconfig */ = {isa = PBXFileReference; includeInIndex = 1; lastKnownFileType = text.xcconfig; name = "Pods-FlickerDemoTests.debug.xcconfig"; path = "Target Support Files/Pods-FlickerDemoTests/Pods-FlickerDemoTests.debug.xcconfig"; sourceTree = "<group>"; };
		FD3A0698DA51252504E32656 /* Pods-FlickerDemoTests.release.xcconfig */ = {isa = PBXFileReference; includeInIndex = 1; lastKnownFileType = text.xcconfig; name = "Pods-FlickerDemoTests.release.xcconfig"; path = "Target Support Files/Pods-FlickerDemoTests/Pods-FlickerDemoTests.release.xcconfig"; sourceTree = "<group>"; };
/* End PBXFileReference section */

/* Begin PBXFrameworksBuildPhase section */
		1813242C26DA00EF00026EAC /* Frameworks */ = {
			isa = PBXFrameworksBuildPhase;
			buildActionMask = 2147483647;
			files = (
				CDBFA6FAF1C7D34A6B8BF40B /* Pods_FlickerDemo.framework in Frameworks */,
			);
			runOnlyForDeploymentPostprocessing = 0;
		};
		1813244226DA00F000026EAC /* Frameworks */ = {
			isa = PBXFrameworksBuildPhase;
			buildActionMask = 2147483647;
			files = (
				E39C4FD708DDF4E43251BCE2 /* Pods_FlickerDemoTests.framework in Frameworks */,
			);
			runOnlyForDeploymentPostprocessing = 0;
		};
		1813244D26DA00F100026EAC /* Frameworks */ = {
			isa = PBXFrameworksBuildPhase;
			buildActionMask = 2147483647;
			files = (
				E553434D535804CE401B0A3A /* Pods_FlickerDemo_FlickerDemoUITests.framework in Frameworks */,
			);
			runOnlyForDeploymentPostprocessing = 0;
		};
/* End PBXFrameworksBuildPhase section */

/* Begin PBXGroup section */
		1813242626DA00EE00026EAC = {
			isa = PBXGroup;
			children = (
				18A6486A26DE867F009BBECC /* Favorite.xcdatamodeld */,
				1813243126DA00EF00026EAC /* FlickerDemo */,
				1813244826DA00F000026EAC /* FlickerDemoTests */,
				1813245326DA00F100026EAC /* FlickerDemoUITests */,
				1813243026DA00EF00026EAC /* Products */,
				9FC92591F8652A23755E4410 /* Pods */,
				991783F8AE0ABE00B7553EF5 /* Frameworks */,
			);
			sourceTree = "<group>";
		};
		1813243026DA00EF00026EAC /* Products */ = {
			isa = PBXGroup;
			children = (
				1813242F26DA00EF00026EAC /* FlickerDemo.app */,
				1813244526DA00F000026EAC /* FlickerDemoTests.xctest */,
				1813245026DA00F100026EAC /* FlickerDemoUITests.xctest */,
			);
			name = Products;
			sourceTree = "<group>";
		};
		1813243126DA00EF00026EAC /* FlickerDemo */ = {
			isa = PBXGroup;
			children = (
				18A6485426DD5AA7009BBECC /* ViewController */,
				18A6485326DD5A87009BBECC /* Cell */,
				1813246C26DA066900026EAC /* Model */,
				1813243226DA00EF00026EAC /* AppDelegate.swift */,
				1813243426DA00EF00026EAC /* SceneDelegate.swift */,
				1813246A26DA01C600026EAC /* Main.storyboard */,
				1813243B26DA00F000026EAC /* Assets.xcassets */,
				1813243D26DA00F000026EAC /* LaunchScreen.storyboard */,
				1813244026DA00F000026EAC /* Info.plist */,
			);
			path = FlickerDemo;
			sourceTree = "<group>";
		};
		1813244826DA00F000026EAC /* FlickerDemoTests */ = {
			isa = PBXGroup;
			children = (
				1813244926DA00F000026EAC /* FlickerDemoTests.swift */,
				1813244B26DA00F000026EAC /* Info.plist */,
			);
			path = FlickerDemoTests;
			sourceTree = "<group>";
		};
		1813245326DA00F100026EAC /* FlickerDemoUITests */ = {
			isa = PBXGroup;
			children = (
				1813245426DA00F100026EAC /* FlickerDemoUITests.swift */,
				1813245626DA00F100026EAC /* Info.plist */,
			);
			path = FlickerDemoUITests;
			sourceTree = "<group>";
		};
		1813246C26DA066900026EAC /* Model */ = {
			isa = PBXGroup;
			children = (
				1813246526DA015500026EAC /* SearchData.swift */,
			);
			path = Model;
			sourceTree = "<group>";
		};
		18A6485326DD5A87009BBECC /* Cell */ = {
			isa = PBXGroup;
			children = (
				1813246426DA015500026EAC /* PhotoCollectionViewCell.swift */,
			);
			path = Cell;
			sourceTree = "<group>";
		};
		18A6485426DD5AA7009BBECC /* ViewController */ = {
			isa = PBXGroup;
			children = (
				1813243626DA00EF00026EAC /* ViewController.swift */,
				18A6484C26DD1448009BBECC /* FavoriteCollectionViewController.swift */,
				1813246326DA015500026EAC /* FlickrSearchCollectionViewController.swift */,
				18A6484E26DD1809009BBECC /* MainTabbarViewController.swift */,
			);
			path = ViewController;
			sourceTree = "<group>";
		};
		991783F8AE0ABE00B7553EF5 /* Frameworks */ = {
			isa = PBXGroup;
			children = (
				103149F08FC3034849AD49B3 /* Pods_FlickerDemo.framework */,
				086562CAE66944175EE62A84 /* Pods_FlickerDemo_FlickerDemoUITests.framework */,
				6120419EB1F73B79CC15157A /* Pods_FlickerDemoTests.framework */,
			);
			name = Frameworks;
			sourceTree = "<group>";
		};
		9FC92591F8652A23755E4410 /* Pods */ = {
			isa = PBXGroup;
			children = (
				E282398B6CDD856C1D9771A5 /* Pods-FlickerDemo.debug.xcconfig */,
				DB27C32D0D29E1F37F3A3B05 /* Pods-FlickerDemo.release.xcconfig */,
				2F58B8DFBD700F276DDA001F /* Pods-FlickerDemo-FlickerDemoUITests.debug.xcconfig */,
				9DB93F15440C1059A0688D48 /* Pods-FlickerDemo-FlickerDemoUITests.release.xcconfig */,
				FCC014C6A7D0B1180CE76446 /* Pods-FlickerDemoTests.debug.xcconfig */,
				FD3A0698DA51252504E32656 /* Pods-FlickerDemoTests.release.xcconfig */,
			);
			path = Pods;
			sourceTree = "<group>";
		};
/* End PBXGroup section */

/* Begin PBXNativeTarget section */
		1813242E26DA00EF00026EAC /* FlickerDemo */ = {
			isa = PBXNativeTarget;
			buildConfigurationList = 1813245926DA00F100026EAC /* Build configuration list for PBXNativeTarget "FlickerDemo" */;
			buildPhases = (
				0EF570FADFE0BE69C26750B5 /* [CP] Check Pods Manifest.lock */,
				1813242B26DA00EF00026EAC /* Sources */,
				1813242C26DA00EF00026EAC /* Frameworks */,
				1813242D26DA00EF00026EAC /* Resources */,
				D327C0770B1DB46E259D6701 /* [CP] Embed Pods Frameworks */,
			);
			buildRules = (
			);
			dependencies = (
			);
			name = FlickerDemo;
			productName = FlickerDemo;
			productReference = 1813242F26DA00EF00026EAC /* FlickerDemo.app */;
			productType = "com.apple.product-type.application";
		};
		1813244426DA00F000026EAC /* FlickerDemoTests */ = {
			isa = PBXNativeTarget;
			buildConfigurationList = 1813245C26DA00F100026EAC /* Build configuration list for PBXNativeTarget "FlickerDemoTests" */;
			buildPhases = (
				323C3F72C78EE8A6223B5BE2 /* [CP] Check Pods Manifest.lock */,
				1813244126DA00F000026EAC /* Sources */,
				1813244226DA00F000026EAC /* Frameworks */,
				1813244326DA00F000026EAC /* Resources */,
			);
			buildRules = (
			);
			dependencies = (
				1813244726DA00F000026EAC /* PBXTargetDependency */,
			);
			name = FlickerDemoTests;
			productName = FlickerDemoTests;
			productReference = 1813244526DA00F000026EAC /* FlickerDemoTests.xctest */;
			productType = "com.apple.product-type.bundle.unit-test";
		};
		1813244F26DA00F100026EAC /* FlickerDemoUITests */ = {
			isa = PBXNativeTarget;
			buildConfigurationList = 1813245F26DA00F100026EAC /* Build configuration list for PBXNativeTarget "FlickerDemoUITests" */;
			buildPhases = (
				5D2DDC43129298EDF9958491 /* [CP] Check Pods Manifest.lock */,
				1813244C26DA00F100026EAC /* Sources */,
				1813244D26DA00F100026EAC /* Frameworks */,
				1813244E26DA00F100026EAC /* Resources */,
				BA546ADE3BC3A399962DAB5F /* [CP] Embed Pods Frameworks */,
			);
			buildRules = (
			);
			dependencies = (
				1813245226DA00F100026EAC /* PBXTargetDependency */,
			);
			name = FlickerDemoUITests;
			productName = FlickerDemoUITests;
			productReference = 1813245026DA00F100026EAC /* FlickerDemoUITests.xctest */;
			productType = "com.apple.product-type.bundle.ui-testing";
		};
/* End PBXNativeTarget section */

/* Begin PBXProject section */
		1813242726DA00EE00026EAC /* Project object */ = {
			isa = PBXProject;
			attributes = {
				LastSwiftUpdateCheck = 1250;
				LastUpgradeCheck = 1250;
				TargetAttributes = {
					1813242E26DA00EF00026EAC = {
						CreatedOnToolsVersion = 12.5.1;
					};
					1813244426DA00F000026EAC = {
						CreatedOnToolsVersion = 12.5.1;
						TestTargetID = 1813242E26DA00EF00026EAC;
					};
					1813244F26DA00F100026EAC = {
						CreatedOnToolsVersion = 12.5.1;
						TestTargetID = 1813242E26DA00EF00026EAC;
					};
				};
			};
			buildConfigurationList = 1813242A26DA00EE00026EAC /* Build configuration list for PBXProject "FlickerDemo" */;
			compatibilityVersion = "Xcode 9.3";
			developmentRegion = en;
			hasScannedForEncodings = 0;
			knownRegions = (
				en,
				Base,
			);
			mainGroup = 1813242626DA00EE00026EAC;
			productRefGroup = 1813243026DA00EF00026EAC /* Products */;
			projectDirPath = "";
			projectRoot = "";
			targets = (
				1813242E26DA00EF00026EAC /* FlickerDemo */,
				1813244426DA00F000026EAC /* FlickerDemoTests */,
				1813244F26DA00F100026EAC /* FlickerDemoUITests */,
			);
		};
/* End PBXProject section */

/* Begin PBXResourcesBuildPhase section */
		1813242D26DA00EF00026EAC /* Resources */ = {
			isa = PBXResourcesBuildPhase;
			buildActionMask = 2147483647;
			files = (
				1813243F26DA00F000026EAC /* LaunchScreen.storyboard in Resources */,
				1813243C26DA00F000026EAC /* Assets.xcassets in Resources */,
				1813246B26DA01C600026EAC /* Main.storyboard in Resources */,
			);
			runOnlyForDeploymentPostprocessing = 0;
		};
		1813244326DA00F000026EAC /* Resources */ = {
			isa = PBXResourcesBuildPhase;
			buildActionMask = 2147483647;
			files = (
			);
			runOnlyForDeploymentPostprocessing = 0;
		};
		1813244E26DA00F100026EAC /* Resources */ = {
			isa = PBXResourcesBuildPhase;
			buildActionMask = 2147483647;
			files = (
			);
			runOnlyForDeploymentPostprocessing = 0;
		};
/* End PBXResourcesBuildPhase section */

/* Begin PBXShellScriptBuildPhase section */
		0EF570FADFE0BE69C26750B5 /* [CP] Check Pods Manifest.lock */ = {
			isa = PBXShellScriptBuildPhase;
			buildActionMask = 2147483647;
			files = (
			);
			inputFileListPaths = (
			);
			inputPaths = (
				"${PODS_PODFILE_DIR_PATH}/Podfile.lock",
				"${PODS_ROOT}/Manifest.lock",
			);
			name = "[CP] Check Pods Manifest.lock";
			outputFileListPaths = (
			);
			outputPaths = (
				"$(DERIVED_FILE_DIR)/Pods-FlickerDemo-checkManifestLockResult.txt",
			);
			runOnlyForDeploymentPostprocessing = 0;
			shellPath = /bin/sh;
			shellScript = "diff \"${PODS_PODFILE_DIR_PATH}/Podfile.lock\" \"${PODS_ROOT}/Manifest.lock\" > /dev/null\nif [ $? != 0 ] ; then\n    # print error to STDERR\n    echo \"error: The sandbox is not in sync with the Podfile.lock. Run 'pod install' or update your CocoaPods installation.\" >&2\n    exit 1\nfi\n# This output is used by Xcode 'outputs' to avoid re-running this script phase.\necho \"SUCCESS\" > \"${SCRIPT_OUTPUT_FILE_0}\"\n";
			showEnvVarsInLog = 0;
		};
		323C3F72C78EE8A6223B5BE2 /* [CP] Check Pods Manifest.lock */ = {
			isa = PBXShellScriptBuildPhase;
			buildActionMask = 2147483647;
			files = (
			);
			inputFileListPaths = (
			);
			inputPaths = (
				"${PODS_PODFILE_DIR_PATH}/Podfile.lock",
				"${PODS_ROOT}/Manifest.lock",
			);
			name = "[CP] Check Pods Manifest.lock";
			outputFileListPaths = (
			);
			outputPaths = (
				"$(DERIVED_FILE_DIR)/Pods-FlickerDemoTests-checkManifestLockResult.txt",
			);
			runOnlyForDeploymentPostprocessing = 0;
			shellPath = /bin/sh;
			shellScript = "diff \"${PODS_PODFILE_DIR_PATH}/Podfile.lock\" \"${PODS_ROOT}/Manifest.lock\" > /dev/null\nif [ $? != 0 ] ; then\n    # print error to STDERR\n    echo \"error: The sandbox is not in sync with the Podfile.lock. Run 'pod install' or update your CocoaPods installation.\" >&2\n    exit 1\nfi\n# This output is used by Xcode 'outputs' to avoid re-running this script phase.\necho \"SUCCESS\" > \"${SCRIPT_OUTPUT_FILE_0}\"\n";
			showEnvVarsInLog = 0;
		};
		5D2DDC43129298EDF9958491 /* [CP] Check Pods Manifest.lock */ = {
			isa = PBXShellScriptBuildPhase;
			buildActionMask = 2147483647;
			files = (
			);
			inputFileListPaths = (
			);
			inputPaths = (
				"${PODS_PODFILE_DIR_PATH}/Podfile.lock",
				"${PODS_ROOT}/Manifest.lock",
			);
			name = "[CP] Check Pods Manifest.lock";
			outputFileListPaths = (
			);
			outputPaths = (
				"$(DERIVED_FILE_DIR)/Pods-FlickerDemo-FlickerDemoUITests-checkManifestLockResult.txt",
			);
			runOnlyForDeploymentPostprocessing = 0;
			shellPath = /bin/sh;
			shellScript = "diff \"${PODS_PODFILE_DIR_PATH}/Podfile.lock\" \"${PODS_ROOT}/Manifest.lock\" > /dev/null\nif [ $? != 0 ] ; then\n    # print error to STDERR\n    echo \"error: The sandbox is not in sync with the Podfile.lock. Run 'pod install' or update your CocoaPods installation.\" >&2\n    exit 1\nfi\n# This output is used by Xcode 'outputs' to avoid re-running this script phase.\necho \"SUCCESS\" > \"${SCRIPT_OUTPUT_FILE_0}\"\n";
			showEnvVarsInLog = 0;
		};
		BA546ADE3BC3A399962DAB5F /* [CP] Embed Pods Frameworks */ = {
			isa = PBXShellScriptBuildPhase;
			buildActionMask = 2147483647;
			files = (
			);
			inputFileListPaths = (
				"${PODS_ROOT}/Target Support Files/Pods-FlickerDemo-FlickerDemoUITests/Pods-FlickerDemo-FlickerDemoUITests-frameworks-${CONFIGURATION}-input-files.xcfilelist",
			);
			name = "[CP] Embed Pods Frameworks";
			outputFileListPaths = (
				"${PODS_ROOT}/Target Support Files/Pods-FlickerDemo-FlickerDemoUITests/Pods-FlickerDemo-FlickerDemoUITests-frameworks-${CONFIGURATION}-output-files.xcfilelist",
			);
			runOnlyForDeploymentPostprocessing = 0;
			shellPath = /bin/sh;
			shellScript = "\"${PODS_ROOT}/Target Support Files/Pods-FlickerDemo-FlickerDemoUITests/Pods-FlickerDemo-FlickerDemoUITests-frameworks.sh\"\n";
			showEnvVarsInLog = 0;
		};
		D327C0770B1DB46E259D6701 /* [CP] Embed Pods Frameworks */ = {
			isa = PBXShellScriptBuildPhase;
			buildActionMask = 2147483647;
			files = (
			);
			inputFileListPaths = (
				"${PODS_ROOT}/Target Support Files/Pods-FlickerDemo/Pods-FlickerDemo-frameworks-${CONFIGURATION}-input-files.xcfilelist",
			);
			name = "[CP] Embed Pods Frameworks";
			outputFileListPaths = (
				"${PODS_ROOT}/Target Support Files/Pods-FlickerDemo/Pods-FlickerDemo-frameworks-${CONFIGURATION}-output-files.xcfilelist",
			);
			runOnlyForDeploymentPostprocessing = 0;
			shellPath = /bin/sh;
			shellScript = "\"${PODS_ROOT}/Target Support Files/Pods-FlickerDemo/Pods-FlickerDemo-frameworks.sh\"\n";
			showEnvVarsInLog = 0;
		};
/* End PBXShellScriptBuildPhase section */

/* Begin PBXSourcesBuildPhase section */
		1813242B26DA00EF00026EAC /* Sources */ = {
			isa = PBXSourcesBuildPhase;
			buildActionMask = 2147483647;
			files = (
				18A6484F26DD1809009BBECC /* MainTabbarViewController.swift in Sources */,
				1813243726DA00EF00026EAC /* ViewController.swift in Sources */,
				18A6486C26DE867F009BBECC /* Favorite.xcdatamodeld in Sources */,
				1813246926DA015500026EAC /* SearchData.swift in Sources */,
				1813243326DA00EF00026EAC /* AppDelegate.swift in Sources */,
				18A6484D26DD1448009BBECC /* FavoriteCollectionViewController.swift in Sources */,
				1813246726DA015500026EAC /* FlickrSearchCollectionViewController.swift in Sources */,
				1813243526DA00EF00026EAC /* SceneDelegate.swift in Sources */,
				1813246826DA015500026EAC /* PhotoCollectionViewCell.swift in Sources */,
			);
			runOnlyForDeploymentPostprocessing = 0;
		};
		1813244126DA00F000026EAC /* Sources */ = {
			isa = PBXSourcesBuildPhase;
			buildActionMask = 2147483647;
			files = (
				1813244A26DA00F000026EAC /* FlickerDemoTests.swift in Sources */,
			);
			runOnlyForDeploymentPostprocessing = 0;
		};
		1813244C26DA00F100026EAC /* Sources */ = {
			isa = PBXSourcesBuildPhase;
			buildActionMask = 2147483647;
			files = (
				1813245526DA00F100026EAC /* FlickerDemoUITests.swift in Sources */,
			);
			runOnlyForDeploymentPostprocessing = 0;
		};
/* End PBXSourcesBuildPhase section */

/* Begin PBXTargetDependency section */
		1813244726DA00F000026EAC /* PBXTargetDependency */ = {
			isa = PBXTargetDependency;
			target = 1813242E26DA00EF00026EAC /* FlickerDemo */;
			targetProxy = 1813244626DA00F000026EAC /* PBXContainerItemProxy */;
		};
		1813245226DA00F100026EAC /* PBXTargetDependency */ = {
			isa = PBXTargetDependency;
			target = 1813242E26DA00EF00026EAC /* FlickerDemo */;
			targetProxy = 1813245126DA00F100026EAC /* PBXContainerItemProxy */;
		};
/* End PBXTargetDependency section */

/* Begin PBXVariantGroup section */
		1813243D26DA00F000026EAC /* LaunchScreen.storyboard */ = {
			isa = PBXVariantGroup;
			children = (
				1813243E26DA00F000026EAC /* Base */,
			);
			name = LaunchScreen.storyboard;
			sourceTree = "<group>";
		};
/* End PBXVariantGroup section */

/* Begin XCBuildConfiguration section */
		1813245726DA00F100026EAC /* Debug */ = {
			isa = XCBuildConfiguration;
			buildSettings = {
				ALWAYS_SEARCH_USER_PATHS = NO;
				CLANG_ANALYZER_NONNULL = YES;
				CLANG_ANALYZER_NUMBER_OBJECT_CONVERSION = YES_AGGRESSIVE;
				CLANG_CXX_LANGUAGE_STANDARD = "gnu++14";
				CLANG_CXX_LIBRARY = "libc++";
				CLANG_ENABLE_MODULES = YES;
				CLANG_ENABLE_OBJC_ARC = YES;
				CLANG_ENABLE_OBJC_WEAK = YES;
				CLANG_WARN_BLOCK_CAPTURE_AUTORELEASING = YES;
				CLANG_WARN_BOOL_CONVERSION = YES;
				CLANG_WARN_COMMA = YES;
				CLANG_WARN_CONSTANT_CONVERSION = YES;
				CLANG_WARN_DEPRECATED_OBJC_IMPLEMENTATIONS = YES;
				CLANG_WARN_DIRECT_OBJC_ISA_USAGE = YES_ERROR;
				CLANG_WARN_DOCUMENTATION_COMMENTS = YES;
				CLANG_WARN_EMPTY_BODY = YES;
				CLANG_WARN_ENUM_CONVERSION = YES;
				CLANG_WARN_INFINITE_RECURSION = YES;
				CLANG_WARN_INT_CONVERSION = YES;
				CLANG_WARN_NON_LITERAL_NULL_CONVERSION = YES;
				CLANG_WARN_OBJC_IMPLICIT_RETAIN_SELF = YES;
				CLANG_WARN_OBJC_LITERAL_CONVERSION = YES;
				CLANG_WARN_OBJC_ROOT_CLASS = YES_ERROR;
				CLANG_WARN_QUOTED_INCLUDE_IN_FRAMEWORK_HEADER = YES;
				CLANG_WARN_RANGE_LOOP_ANALYSIS = YES;
				CLANG_WARN_STRICT_PROTOTYPES = YES;
				CLANG_WARN_SUSPICIOUS_MOVE = YES;
				CLANG_WARN_UNGUARDED_AVAILABILITY = YES_AGGRESSIVE;
				CLANG_WARN_UNREACHABLE_CODE = YES;
				CLANG_WARN__DUPLICATE_METHOD_MATCH = YES;
				COPY_PHASE_STRIP = NO;
				DEBUG_INFORMATION_FORMAT = dwarf;
				ENABLE_STRICT_OBJC_MSGSEND = YES;
				ENABLE_TESTABILITY = YES;
				GCC_C_LANGUAGE_STANDARD = gnu11;
				GCC_DYNAMIC_NO_PIC = NO;
				GCC_NO_COMMON_BLOCKS = YES;
				GCC_OPTIMIZATION_LEVEL = 0;
				GCC_PREPROCESSOR_DEFINITIONS = (
					"DEBUG=1",
					"$(inherited)",
				);
				GCC_WARN_64_TO_32_BIT_CONVERSION = YES;
				GCC_WARN_ABOUT_RETURN_TYPE = YES_ERROR;
				GCC_WARN_UNDECLARED_SELECTOR = YES;
				GCC_WARN_UNINITIALIZED_AUTOS = YES_AGGRESSIVE;
				GCC_WARN_UNUSED_FUNCTION = YES;
				GCC_WARN_UNUSED_VARIABLE = YES;
				IPHONEOS_DEPLOYMENT_TARGET = 14.3;
				MTL_ENABLE_DEBUG_INFO = INCLUDE_SOURCE;
				MTL_FAST_MATH = YES;
				ONLY_ACTIVE_ARCH = YES;
				SDKROOT = iphoneos;
				SWIFT_ACTIVE_COMPILATION_CONDITIONS = DEBUG;
				SWIFT_OPTIMIZATION_LEVEL = "-Onone";
			};
			name = Debug;
		};
		1813245826DA00F100026EAC /* Release */ = {
			isa = XCBuildConfiguration;
			buildSettings = {
				ALWAYS_SEARCH_USER_PATHS = NO;
				CLANG_ANALYZER_NONNULL = YES;
				CLANG_ANALYZER_NUMBER_OBJECT_CONVERSION = YES_AGGRESSIVE;
				CLANG_CXX_LANGUAGE_STANDARD = "gnu++14";
				CLANG_CXX_LIBRARY = "libc++";
				CLANG_ENABLE_MODULES = YES;
				CLANG_ENABLE_OBJC_ARC = YES;
				CLANG_ENABLE_OBJC_WEAK = YES;
				CLANG_WARN_BLOCK_CAPTURE_AUTORELEASING = YES;
				CLANG_WARN_BOOL_CONVERSION = YES;
				CLANG_WARN_COMMA = YES;
				CLANG_WARN_CONSTANT_CONVERSION = YES;
				CLANG_WARN_DEPRECATED_OBJC_IMPLEMENTATIONS = YES;
				CLANG_WARN_DIRECT_OBJC_ISA_USAGE = YES_ERROR;
				CLANG_WARN_DOCUMENTATION_COMMENTS = YES;
				CLANG_WARN_EMPTY_BODY = YES;
				CLANG_WARN_ENUM_CONVERSION = YES;
				CLANG_WARN_INFINITE_RECURSION = YES;
				CLANG_WARN_INT_CONVERSION = YES;
				CLANG_WARN_NON_LITERAL_NULL_CONVERSION = YES;
				CLANG_WARN_OBJC_IMPLICIT_RETAIN_SELF = YES;
				CLANG_WARN_OBJC_LITERAL_CONVERSION = YES;
				CLANG_WARN_OBJC_ROOT_CLASS = YES_ERROR;
				CLANG_WARN_QUOTED_INCLUDE_IN_FRAMEWORK_HEADER = YES;
				CLANG_WARN_RANGE_LOOP_ANALYSIS = YES;
				CLANG_WARN_STRICT_PROTOTYPES = YES;
				CLANG_WARN_SUSPICIOUS_MOVE = YES;
				CLANG_WARN_UNGUARDED_AVAILABILITY = YES_AGGRESSIVE;
				CLANG_WARN_UNREACHABLE_CODE = YES;
				CLANG_WARN__DUPLICATE_METHOD_MATCH = YES;
				COPY_PHASE_STRIP = NO;
				DEBUG_INFORMATION_FORMAT = "dwarf-with-dsym";
				ENABLE_NS_ASSERTIONS = NO;
				ENABLE_STRICT_OBJC_MSGSEND = YES;
				GCC_C_LANGUAGE_STANDARD = gnu11;
				GCC_NO_COMMON_BLOCKS = YES;
				GCC_WARN_64_TO_32_BIT_CONVERSION = YES;
				GCC_WARN_ABOUT_RETURN_TYPE = YES_ERROR;
				GCC_WARN_UNDECLARED_SELECTOR = YES;
				GCC_WARN_UNINITIALIZED_AUTOS = YES_AGGRESSIVE;
				GCC_WARN_UNUSED_FUNCTION = YES;
				GCC_WARN_UNUSED_VARIABLE = YES;
				IPHONEOS_DEPLOYMENT_TARGET = 14.3;
				MTL_ENABLE_DEBUG_INFO = NO;
				MTL_FAST_MATH = YES;
				SDKROOT = iphoneos;
				SWIFT_COMPILATION_MODE = wholemodule;
				SWIFT_OPTIMIZATION_LEVEL = "-O";
				VALIDATE_PRODUCT = YES;
			};
			name = Release;
		};
		1813245A26DA00F100026EAC /* Debug */ = {
			isa = XCBuildConfiguration;
			baseConfigurationReference = E282398B6CDD856C1D9771A5 /* Pods-FlickerDemo.debug.xcconfig */;
			buildSettings = {
				ASSETCATALOG_COMPILER_APPICON_NAME = AppIcon;
				ASSETCATALOG_COMPILER_GLOBAL_ACCENT_COLOR_NAME = AccentColor;
				CODE_SIGN_STYLE = Automatic;
				DEVELOPMENT_TEAM = LHUT4U5WNX;
				INFOPLIST_FILE = FlickerDemo/Info.plist;
				LD_RUNPATH_SEARCH_PATHS = (
					"$(inherited)",
					"@executable_path/Frameworks",
				);
				PRODUCT_BUNDLE_IDENTIFIER = com..FlickerDemo;
				PRODUCT_NAME = "$(TARGET_NAME)";
				SWIFT_VERSION = 5.0;
				TARGETED_DEVICE_FAMILY = 1;
			};
			name = Debug;
		};
		1813245B26DA00F100026EAC /* Release */ = {
			isa = XCBuildConfiguration;
			baseConfigurationReference = DB27C32D0D29E1F37F3A3B05 /* Pods-FlickerDemo.release.xcconfig */;
			buildSettings = {
				ASSETCATALOG_COMPILER_APPICON_NAME = AppIcon;
				ASSETCATALOG_COMPILER_GLOBAL_ACCENT_COLOR_NAME = AccentColor;
				CODE_SIGN_STYLE = Automatic;
				DEVELOPMENT_TEAM = LHUT4U5WNX;
				INFOPLIST_FILE = FlickerDemo/Info.plist;
				LD_RUNPATH_SEARCH_PATHS = (
					"$(inherited)",
					"@executable_path/Frameworks",
				);
				PRODUCT_BUNDLE_IDENTIFIER = com..FlickerDemo;
				PRODUCT_NAME = "$(TARGET_NAME)";
				SWIFT_VERSION = 5.0;
				TARGETED_DEVICE_FAMILY = 1;
			};
			name = Release;
		};
		1813245D26DA00F100026EAC /* Debug */ = {
			isa = XCBuildConfiguration;
			baseConfigurationReference = FCC014C6A7D0B1180CE76446 /* Pods-FlickerDemoTests.debug.xcconfig */;
			buildSettings = {
				ALWAYS_EMBED_SWIFT_STANDARD_LIBRARIES = YES;
				BUNDLE_LOADER = "$(TEST_HOST)";
				CODE_SIGN_STYLE = Automatic;
				DEVELOPMENT_TEAM = LHUT4U5WNX;
				INFOPLIST_FILE = FlickerDemoTests/Info.plist;
				IPHONEOS_DEPLOYMENT_TARGET = 14.5;
				LD_RUNPATH_SEARCH_PATHS = (
					"$(inherited)",
					"@executable_path/Frameworks",
					"@loader_path/Frameworks",
				);
				PRODUCT_BUNDLE_IDENTIFIER = com..FlickerDemoTests;
				PRODUCT_NAME = "$(TARGET_NAME)";
				SWIFT_VERSION = 5.0;
				TARGETED_DEVICE_FAMILY = "1,2";
				TEST_HOST = "$(BUILT_PRODUCTS_DIR)/FlickerDemo.app/FlickerDemo";
			};
			name = Debug;
		};
		1813245E26DA00F100026EAC /* Release */ = {
			isa = XCBuildConfiguration;
			baseConfigurationReference = FD3A0698DA51252504E32656 /* Pods-FlickerDemoTests.release.xcconfig */;
			buildSettings = {
				ALWAYS_EMBED_SWIFT_STANDARD_LIBRARIES = YES;
				BUNDLE_LOADER = "$(TEST_HOST)";
				CODE_SIGN_STYLE = Automatic;
				DEVELOPMENT_TEAM = LHUT4U5WNX;
				INFOPLIST_FILE = FlickerDemoTests/Info.plist;
				IPHONEOS_DEPLOYMENT_TARGET = 14.5;
				LD_RUNPATH_SEARCH_PATHS = (
					"$(inherited)",
					"@executable_path/Frameworks",
					"@loader_path/Frameworks",
				);
				PRODUCT_BUNDLE_IDENTIFIER = com..FlickerDemoTests;
				PRODUCT_NAME = "$(TARGET_NAME)";
				SWIFT_VERSION = 5.0;
				TARGETED_DEVICE_FAMILY = "1,2";
				TEST_HOST = "$(BUILT_PRODUCTS_DIR)/FlickerDemo.app/FlickerDemo";
			};
			name = Release;
		};
		1813246026DA00F100026EAC /* Debug */ = {
			isa = XCBuildConfiguration;
			baseConfigurationReference = 2F58B8DFBD700F276DDA001F /* Pods-FlickerDemo-FlickerDemoUITests.debug.xcconfig */;
			buildSettings = {
				ALWAYS_EMBED_SWIFT_STANDARD_LIBRARIES = YES;
				CODE_SIGN_STYLE = Automatic;
				DEVELOPMENT_TEAM = LHUT4U5WNX;
				INFOPLIST_FILE = FlickerDemoUITests/Info.plist;
				LD_RUNPATH_SEARCH_PATHS = (
					"$(inherited)",
					"@executable_path/Frameworks",
					"@loader_path/Frameworks",
				);
				PRODUCT_BUNDLE_IDENTIFIER = com..FlickerDemoUITests;
				PRODUCT_NAME = "$(TARGET_NAME)";
				SWIFT_VERSION = 5.0;
				TARGETED_DEVICE_FAMILY = "1,2";
				TEST_TARGET_NAME = FlickerDemo;
			};
			name = Debug;
		};
		1813246126DA00F100026EAC /* Release */ = {
			isa = XCBuildConfiguration;
			baseConfigurationReference = 9DB93F15440C1059A0688D48 /* Pods-FlickerDemo-FlickerDemoUITests.release.xcconfig */;
			buildSettings = {
				ALWAYS_EMBED_SWIFT_STANDARD_LIBRARIES = YES;
				CODE_SIGN_STYLE = Automatic;
				DEVELOPMENT_TEAM = LHUT4U5WNX;
				INFOPLIST_FILE = FlickerDemoUITests/Info.plist;
				LD_RUNPATH_SEARCH_PATHS = (
					"$(inherited)",
					"@executable_path/Frameworks",
					"@loader_path/Frameworks",
				);
				PRODUCT_BUNDLE_IDENTIFIER = com..FlickerDemoUITests;
				PRODUCT_NAME = "$(TARGET_NAME)";
				SWIFT_VERSION = 5.0;
				TARGETED_DEVICE_FAMILY = "1,2";
				TEST_TARGET_NAME = FlickerDemo;
			};
			name = Release;
		};
/* End XCBuildConfiguration section */

/* Begin XCConfigurationList section */
		1813242A26DA00EE00026EAC /* Build configuration list for PBXProject "FlickerDemo" */ = {
			isa = XCConfigurationList;
			buildConfigurations = (
				1813245726DA00F100026EAC /* Debug */,
				1813245826DA00F100026EAC /* Release */,
			);
			defaultConfigurationIsVisible = 0;
			defaultConfigurationName = Release;
		};
		1813245926DA00F100026EAC /* Build configuration list for PBXNativeTarget "FlickerDemo" */ = {
			isa = XCConfigurationList;
			buildConfigurations = (
				1813245A26DA00F100026EAC /* Debug */,
				1813245B26DA00F100026EAC /* Release */,
			);
			defaultConfigurationIsVisible = 0;
			defaultConfigurationName = Release;
		};
		1813245C26DA00F100026EAC /* Build configuration list for PBXNativeTarget "FlickerDemoTests" */ = {
			isa = XCConfigurationList;
			buildConfigurations = (
				1813245D26DA00F100026EAC /* Debug */,
				1813245E26DA00F100026EAC /* Release */,
			);
			defaultConfigurationIsVisible = 0;
			defaultConfigurationName = Release;
		};
		1813245F26DA00F100026EAC /* Build configuration list for PBXNativeTarget "FlickerDemoUITests" */ = {
			isa = XCConfigurationList;
			buildConfigurations = (
				1813246026DA00F100026EAC /* Debug */,
				1813246126DA00F100026EAC /* Release */,
			);
			defaultConfigurationIsVisible = 0;
			defaultConfigurationName = Release;
		};
/* End XCConfigurationList section */

/* Begin XCVersionGroup section */
		18A6486A26DE867F009BBECC /* Favorite.xcdatamodeld */ = {
			isa = XCVersionGroup;
			children = (
				18A6486B26DE867F009BBECC /* Favorite.xcdatamodel */,
			);
			currentVersion = 18A6486B26DE867F009BBECC /* Favorite.xcdatamodel */;
			path = Favorite.xcdatamodeld;
			sourceTree = "<group>";
			versionGroupType = wrapper.xcdatamodel;
		};
/* End XCVersionGroup section */
	};
	rootObject = 1813242726DA00EE00026EAC /* Project object */;
}
